
Microsoft Visual Studio Solution File, Format Version 12.00
# Visual Studio Version 16
VisualStudioVersion = 16.0.29424.173
MinimumVisualStudioVersion = 10.0.40219.1
Project("{FAE04EC0-301F-11D3-BF4B-00C04F79EFBC}") = "Simpson-MonteCarlo", "Simpson-MonteCarlo.csproj", "{CDAAD974-0005-4D2D-BA99-49EEEFCBB0EC}"
EndProject
Global
	GlobalSection(SolutionConfigurationPlatforms) = preSolution
		Debug|Any CPU = Debug|Any CPU
		Release|Any CPU = Release|Any CPU
	EndGlobalSection
	GlobalSection(ProjectConfigurationPlatforms) = postSolution
		{CDAAD974-0005-4D2D-BA99-49EEEFCBB0EC}.Debug|Any CPU.ActiveCfg = Debug|Any CPU
		{CDAAD974-0005-4D2D-BA99-49EEEFCBB0EC}.Debug|Any CPU.Build.0 = Debug|Any CPU
		{CDAAD974-0005-4D2D-BA99-49EEEFCBB0EC}.Release|Any CPU.ActiveCfg = Release|Any CPU
		{CDAAD974-0005-4D2D-BA99-49EEEFCBB0EC}.Release|Any CPU.Build.0 = Release|Any CPU
	EndGlobalSection
	GlobalSection(SolutionProperties) = preSolution
		HideSolutionNode = FALSE
	EndGlobalSection
	GlobalSection(ExtensibilityGlobals) = postSolution
		SolutionGuid = {C14E9135-A1A7-4165-93B5-CE67F6FBF059}
	EndGlobalSection
EndGlobal
